[[package]]
category = "dev"
description = "A small Python module for determining appropriate platform-specific dirs, e.g. a \"user data dir\"."
name = "appdirs"
optional = false
python-versions = "*"
version = "1.4.4"

[[package]]
category = "dev"
description = "Cross-platform colored terminal text."
marker = "platform_system == \"Windows\""
name = "colorama"
optional = false
python-versions = ">=2.7, !=3.0.*, !=3.1.*, !=3.2.*, !=3.3.*, !=3.4.*"
version = "0.4.3"

[[package]]
category = "dev"
description = "Code coverage measurement for Python"
name = "coverage"
optional = false
python-versions = ">=2.7, !=3.0.*, !=3.1.*, !=3.2.*, !=3.3.*, !=3.4.*, <4"
version = "5.1"

[package.extras]
toml = ["toml"]

[[package]]
category = "dev"
description = "Distribution utilities"
name = "distlib"
optional = false
python-versions = "*"
version = "0.3.0"

[[package]]
category = "dev"
description = "A platform independent file lock."
name = "filelock"
optional = false
python-versions = "*"
version = "3.0.12"

[[package]]
category = "dev"
description = "the modular source code checker: pep8 pyflakes and co"
name = "flake8"
optional = false
python-versions = "!=3.0.*,!=3.1.*,!=3.2.*,!=3.3.*,>=2.7"
version = "3.8.3"

[package.dependencies]
mccabe = ">=0.6.0,<0.7.0"
pycodestyle = ">=2.6.0a1,<2.7.0"
pyflakes = ">=2.2.0,<2.3.0"

[[package]]
category = "dev"
description = "Flake8 lint for trailing commas."
name = "flake8-commas"
optional = false
python-versions = "*"
version = "2.0.0"

[package.dependencies]
flake8 = ">=2,<4.0.0"

[[package]]
category = "dev"
description = "Extension for flake8 which uses pydocstyle to check docstrings"
name = "flake8-docstrings"
optional = false
python-versions = "*"
version = "1.5.0"

[package.dependencies]
flake8 = ">=3"
pydocstyle = ">=2.1"

[[package]]
category = "dev"
description = "McCabe checker, plugin for flake8"
name = "mccabe"
optional = false
python-versions = "*"
version = "0.6.1"

[[package]]
category = "main"
description = "MongoEngine is a Python Object-Document Mapper for working with MongoDB."
name = "mongoengine"
optional = false
python-versions = ">=3.5"
version = "0.20.0"

[package.dependencies]
pymongo = ">=3.4,<4.0"

[[package]]
category = "dev"
description = "Fake pymongo stub for testing simple MongoDB-dependent code"
name = "mongomock"
optional = false
python-versions = "*"
version = "3.19.0"

[package.dependencies]
sentinels = "*"
six = "*"

[[package]]
category = "dev"
description = "Core utilities for Python packages"
name = "packaging"
optional = false
python-versions = ">=2.7, !=3.0.*, !=3.1.*, !=3.2.*, !=3.3.*"
version = "20.4"

[package.dependencies]
pyparsing = ">=2.0.2"
six = "*"

[[package]]
category = "dev"
description = "plugin and hook calling mechanisms for python"
name = "pluggy"
optional = false
python-versions = ">=2.7, !=3.0.*, !=3.1.*, !=3.2.*, !=3.3.*"
version = "0.13.1"

[package.extras]
dev = ["pre-commit", "tox"]

[[package]]
category = "dev"
description = "library with cross-python path, ini-parsing, io, code, log facilities"
name = "py"
optional = false
python-versions = ">=2.7, !=3.0.*, !=3.1.*, !=3.2.*, !=3.3.*"
version = "1.8.1"

[[package]]
category = "dev"
description = "Python style guide checker"
name = "pycodestyle"
optional = false
python-versions = ">=2.7, !=3.0.*, !=3.1.*, !=3.2.*, !=3.3.*"
version = "2.6.0"

[[package]]
category = "dev"
description = "Python docstring style checker"
name = "pydocstyle"
optional = false
python-versions = ">=3.5"
version = "5.0.2"

[package.dependencies]
snowballstemmer = "*"

[[package]]
category = "dev"
description = "passive checker of Python programs"
name = "pyflakes"
optional = false
python-versions = ">=2.7, !=3.0.*, !=3.1.*, !=3.2.*, !=3.3.*"
version = "2.2.0"

[[package]]
category = "main"
description = "Python driver for MongoDB <http://www.mongodb.org>"
name = "pymongo"
optional = false
python-versions = "*"
version = "3.10.1"

[package.extras]
encryption = ["pymongocrypt (<2.0.0)"]
gssapi = ["pykerberos"]
snappy = ["python-snappy"]
srv = ["dnspython (>=1.16.0,<1.17.0)"]
tls = ["ipaddress"]
zstd = ["zstandard"]

[[package]]
category = "dev"
description = "Python parsing module"
name = "pyparsing"
optional = false
python-versions = ">=2.6, !=3.0.*, !=3.1.*, !=3.2.*"
version = "2.4.7"

[[package]]
category = "dev"
description = "Various objects to denote special meanings in python"
name = "sentinels"
optional = false
python-versions = "*"
version = "1.0.0"

[[package]]
category = "dev"
description = "Python 2 and 3 compatibility utilities"
name = "six"
optional = false
python-versions = ">=2.7, !=3.0.*, !=3.1.*, !=3.2.*"
version = "1.15.0"

[[package]]
category = "dev"
description = "This package provides 26 stemmers for 25 languages generated from Snowball algorithms."
name = "snowballstemmer"
optional = false
python-versions = "*"
version = "2.0.0"

[[package]]
category = "dev"
description = "Python Library for Tom's Obvious, Minimal Language"
name = "toml"
optional = false
python-versions = "*"
version = "0.10.1"

[[package]]
category = "dev"
description = "tox is a generic virtualenv management and test command line tool"
name = "tox"
optional = false
python-versions = "!=3.0.*,!=3.1.*,!=3.2.*,!=3.3.*,!=3.4.*,>=2.7"
version = "3.15.2"

[package.dependencies]
colorama = ">=0.4.1"
filelock = ">=3.0.0"
packaging = ">=14"
pluggy = ">=0.12.0"
py = ">=1.4.17"
six = ">=1.14.0"
toml = ">=0.9.4"
virtualenv = ">=16.0.0,<20.0.0 || >20.0.0,<20.0.1 || >20.0.1,<20.0.2 || >20.0.2,<20.0.3 || >20.0.3,<20.0.4 || >20.0.4,<20.0.5 || >20.0.5,<20.0.6 || >20.0.6,<20.0.7 || >20.0.7"

[package.extras]
docs = ["sphinx (>=2.0.0)", "towncrier (>=18.5.0)", "pygments-github-lexers (>=0.0.5)", "sphinxcontrib-autoprogram (>=0.1.5)"]
testing = ["freezegun (>=0.3.11)", "pathlib2 (>=2.3.3)", "pytest (>=4.0.0)", "pytest-cov (>=2.5.1)", "pytest-mock (>=1.10.0)", "pytest-xdist (>=1.22.2)", "pytest-randomly (>=1.0.0)", "flaky (>=3.4.0)", "psutil (>=5.6.1)"]

[[package]]
category = "dev"
description = "Virtual Python Environment builder"
name = "virtualenv"
optional = false
python-versions = "!=3.0.*,!=3.1.*,!=3.2.*,!=3.3.*,>=2.7"
version = "20.0.23"

[package.dependencies]
appdirs = ">=1.4.3,<2"
distlib = ">=0.3.0,<1"
filelock = ">=3.0.0,<4"
six = ">=1.9.0,<2"

[package.extras]
docs = ["sphinx (>=3)", "sphinx-argparse (>=0.2.5)", "sphinx-rtd-theme (>=0.4.3)", "towncrier (>=19.9.0rc1)", "proselint (>=0.10.2)"]
testing = ["pytest (>=4)", "coverage (>=5)", "coverage-enable-subprocess (>=1)", "pytest-xdist (>=1.31.0)", "pytest-mock (>=2)", "pytest-env (>=0.6.2)", "pytest-randomly (>=1)", "pytest-timeout (>=1)", "flaky (>=3)", "packaging (>=20.0)", "xonsh (>=0.9.16)"]

[metadata]
content-hash = "4452531986c6a07cf4b65cc55f0e3f76585f832a1052523bca7dfd4e63e9606d"
python-versions = "^3.8"

[metadata.files]
appdirs = [
    {file = "appdirs-1.4.4-py2.py3-none-any.whl", hash = "sha256:a841dacd6b99318a741b166adb07e19ee71a274450e68237b4650ca1055ab128"},
    {file = "appdirs-1.4.4.tar.gz", hash = "sha256:7d5d0167b2b1ba821647616af46a749d1c653740dd0d2415100fe26e27afdf41"},
]
colorama = [
    {file = "colorama-0.4.3-py2.py3-none-any.whl", hash = "sha256:7d73d2a99753107a36ac6b455ee49046802e59d9d076ef8e47b61499fa29afff"},
    {file = "colorama-0.4.3.tar.gz", hash = "sha256:e96da0d330793e2cb9485e9ddfd918d456036c7149416295932478192f4436a1"},
]
coverage = [
    {file = "coverage-5.1-cp27-cp27m-macosx_10_12_x86_64.whl", hash = "sha256:0cb4be7e784dcdc050fc58ef05b71aa8e89b7e6636b99967fadbdba694cf2b65"},
    {file = "coverage-5.1-cp27-cp27m-macosx_10_13_intel.whl", hash = "sha256:c317eaf5ff46a34305b202e73404f55f7389ef834b8dbf4da09b9b9b37f76dd2"},
    {file = "coverage-5.1-cp27-cp27m-manylinux1_i686.whl", hash = "sha256:b83835506dfc185a319031cf853fa4bb1b3974b1f913f5bb1a0f3d98bdcded04"},
    {file = "coverage-5.1-cp27-cp27m-manylinux1_x86_64.whl", hash = "sha256:5f2294dbf7875b991c381e3d5af2bcc3494d836affa52b809c91697449d0eda6"},
    {file = "coverage-5.1-cp27-cp27m-win32.whl", hash = "sha256:de807ae933cfb7f0c7d9d981a053772452217df2bf38e7e6267c9cbf9545a796"},
    {file = "coverage-5.1-cp27-cp27m-win_amd64.whl", hash = "sha256:bf9cb9a9fd8891e7efd2d44deb24b86d647394b9705b744ff6f8261e6f29a730"},
    {file = "coverage-5.1-cp27-cp27mu-manylinux1_i686.whl", hash = "sha256:acf3763ed01af8410fc36afea23707d4ea58ba7e86a8ee915dfb9ceff9ef69d0"},
    {file = "coverage-5.1-cp27-cp27mu-manylinux1_x86_64.whl", hash = "sha256:dec5202bfe6f672d4511086e125db035a52b00f1648d6407cc8e526912c0353a"},
    {file = "coverage-5.1-cp35-cp35m-macosx_10_12_x86_64.whl", hash = "sha256:7a5bdad4edec57b5fb8dae7d3ee58622d626fd3a0be0dfceda162a7035885ecf"},
    {file = "coverage-5.1-cp35-cp35m-manylinux1_i686.whl", hash = "sha256:1601e480b9b99697a570cea7ef749e88123c04b92d84cedaa01e117436b4a0a9"},
    {file = "coverage-5.1-cp35-cp35m-manylinux1_x86_64.whl", hash = "sha256:dbe8c6ae7534b5b024296464f387d57c13caa942f6d8e6e0346f27e509f0f768"},
    {file = "coverage-5.1-cp35-cp35m-win32.whl", hash = "sha256:a027ef0492ede1e03a8054e3c37b8def89a1e3c471482e9f046906ba4f2aafd2"},
    {file = "coverage-5.1-cp35-cp35m-win_amd64.whl", hash = "sha256:0e61d9803d5851849c24f78227939c701ced6704f337cad0a91e0972c51c1ee7"},
    {file = "coverage-5.1-cp36-cp36m-macosx_10_13_x86_64.whl", hash = "sha256:2d27a3f742c98e5c6b461ee6ef7287400a1956c11421eb574d843d9ec1f772f0"},
    {file = "coverage-5.1-cp36-cp36m-manylinux1_i686.whl", hash = "sha256:66460ab1599d3cf894bb6baee8c684788819b71a5dc1e8fa2ecc152e5d752019"},
    {file = "coverage-5.1-cp36-cp36m-manylinux1_x86_64.whl", hash = "sha256:5c542d1e62eece33c306d66fe0a5c4f7f7b3c08fecc46ead86d7916684b36d6c"},
    {file = "coverage-5.1-cp36-cp36m-win32.whl", hash = "sha256:2742c7515b9eb368718cd091bad1a1b44135cc72468c731302b3d641895b83d1"},
    {file = "coverage-5.1-cp36-cp36m-win_amd64.whl", hash = "sha256:dead2ddede4c7ba6cb3a721870f5141c97dc7d85a079edb4bd8d88c3ad5b20c7"},
    {file = "coverage-5.1-cp37-cp37m-macosx_10_13_x86_64.whl", hash = "sha256:01333e1bd22c59713ba8a79f088b3955946e293114479bbfc2e37d522be03355"},
    {file = "coverage-5.1-cp37-cp37m-manylinux1_i686.whl", hash = "sha256:e1ea316102ea1e1770724db01998d1603ed921c54a86a2efcb03428d5417e489"},
    {file = "coverage-5.1-cp37-cp37m-manylinux1_x86_64.whl", hash = "sha256:adeb4c5b608574a3d647011af36f7586811a2c1197c861aedb548dd2453b41cd"},
    {file = "coverage-5.1-cp37-cp37m-win32.whl", hash = "sha256:782caea581a6e9ff75eccda79287daefd1d2631cc09d642b6ee2d6da21fc0a4e"},
    {file = "coverage-5.1-cp37-cp37m-win_amd64.whl", hash = "sha256:00f1d23f4336efc3b311ed0d807feb45098fc86dee1ca13b3d6768cdab187c8a"},
    {file = "coverage-5.1-cp38-cp38-macosx_10_13_x86_64.whl", hash = "sha256:402e1744733df483b93abbf209283898e9f0d67470707e3c7516d84f48524f55"},
    {file = "coverage-5.1-cp38-cp38-manylinux1_i686.whl", hash = "sha256:a3f3654d5734a3ece152636aad89f58afc9213c6520062db3978239db122f03c"},
    {file = "coverage-5.1-cp38-cp38-manylinux1_x86_64.whl", hash = "sha256:6402bd2fdedabbdb63a316308142597534ea8e1895f4e7d8bf7476c5e8751fef"},
    {file = "coverage-5.1-cp38-cp38-win32.whl", hash = "sha256:8fa0cbc7ecad630e5b0f4f35b0f6ad419246b02bc750de7ac66db92667996d24"},
    {file = "coverage-5.1-cp38-cp38-win_amd64.whl", hash = "sha256:79a3cfd6346ce6c13145731d39db47b7a7b859c0272f02cdb89a3bdcbae233a0"},
    {file = "coverage-5.1-cp39-cp39-win32.whl", hash = "sha256:a82b92b04a23d3c8a581fc049228bafde988abacba397d57ce95fe95e0338ab4"},
    {file = "coverage-5.1-cp39-cp39-win_amd64.whl", hash = "sha256:bb28a7245de68bf29f6fb199545d072d1036a1917dca17a1e75bbb919e14ee8e"},
    {file = "coverage-5.1.tar.gz", hash = "sha256:f90bfc4ad18450c80b024036eaf91e4a246ae287701aaa88eaebebf150868052"},
]
distlib = [
    {file = "distlib-0.3.0.zip", hash = "sha256:2e166e231a26b36d6dfe35a48c4464346620f8645ed0ace01ee31822b288de21"},
]
filelock = [
    {file = "filelock-3.0.12-py3-none-any.whl", hash = "sha256:929b7d63ec5b7d6b71b0fa5ac14e030b3f70b75747cef1b10da9b879fef15836"},
    {file = "filelock-3.0.12.tar.gz", hash = "sha256:18d82244ee114f543149c66a6e0c14e9c4f8a1044b5cdaadd0f82159d6a6ff59"},
]
flake8 = [
    {file = "flake8-3.8.3-py2.py3-none-any.whl", hash = "sha256:15e351d19611c887e482fb960eae4d44845013cc142d42896e9862f775d8cf5c"},
    {file = "flake8-3.8.3.tar.gz", hash = "sha256:f04b9fcbac03b0a3e58c0ab3a0ecc462e023a9faf046d57794184028123aa208"},
]
flake8-commas = [
    {file = "flake8-commas-2.0.0.tar.gz", hash = "sha256:d3005899466f51380387df7151fb59afec666a0f4f4a2c6a8995b975de0f44b7"},
    {file = "flake8_commas-2.0.0-py2.py3-none-any.whl", hash = "sha256:ee2141a3495ef9789a3894ed8802d03eff1eaaf98ce6d8653a7c573ef101935e"},
]
flake8-docstrings = [
    {file = "flake8-docstrings-1.5.0.tar.gz", hash = "sha256:3d5a31c7ec6b7367ea6506a87ec293b94a0a46c0bce2bb4975b7f1d09b6f3717"},
    {file = "flake8_docstrings-1.5.0-py2.py3-none-any.whl", hash = "sha256:a256ba91bc52307bef1de59e2a009c3cf61c3d0952dbe035d6ff7208940c2edc"},
]
mccabe = [
    {file = "mccabe-0.6.1-py2.py3-none-any.whl", hash = "sha256:ab8a6258860da4b6677da4bd2fe5dc2c659cff31b3ee4f7f5d64e79735b80d42"},
    {file = "mccabe-0.6.1.tar.gz", hash = "sha256:dd8d182285a0fe56bace7f45b5e7d1a6ebcbf524e8f3bd87eb0f125271b8831f"},
]
mongoengine = [
    {file = "mongoengine-0.20.0-py3-none-any.whl", hash = "sha256:6e127f45f71c2bc5e72461ec297a0c20f04c3ee0bf6dd869e336226e325db6ef"},
    {file = "mongoengine-0.20.0.tar.gz", hash = "sha256:db9e5d587e5d74e52851e0e4a53fd744725bfa9918ae6070139f5ba9c62c6edf"},
]
mongomock = [
    {file = "mongomock-3.19.0-py2.py3-none-any.whl", hash = "sha256:8faaffd875732bf55e38e1420a1b7212dde8d446c5852afb4c0884c1369b328b"},
    {file = "mongomock-3.19.0.tar.gz", hash = "sha256:36aad3c6127eee9cdb52ac0186c6a60007f2412c9db715645eeccffc1258ce48"},
]
packaging = [
    {file = "packaging-20.4-py2.py3-none-any.whl", hash = "sha256:998416ba6962ae7fbd6596850b80e17859a5753ba17c32284f67bfff33784181"},
    {file = "packaging-20.4.tar.gz", hash = "sha256:4357f74f47b9c12db93624a82154e9b120fa8293699949152b22065d556079f8"},
]
pluggy = [
    {file = "pluggy-0.13.1-py2.py3-none-any.whl", hash = "sha256:966c145cd83c96502c3c3868f50408687b38434af77734af1e9ca461a4081d2d"},
    {file = "pluggy-0.13.1.tar.gz", hash = "sha256:15b2acde666561e1298d71b523007ed7364de07029219b604cf808bfa1c765b0"},
]
py = [
    {file = "py-1.8.1-py2.py3-none-any.whl", hash = "sha256:c20fdd83a5dbc0af9efd622bee9a5564e278f6380fffcacc43ba6f43db2813b0"},
    {file = "py-1.8.1.tar.gz", hash = "sha256:5e27081401262157467ad6e7f851b7aa402c5852dbcb3dae06768434de5752aa"},
]
pycodestyle = [
    {file = "pycodestyle-2.6.0-py2.py3-none-any.whl", hash = "sha256:2295e7b2f6b5bd100585ebcb1f616591b652db8a741695b3d8f5d28bdc934367"},
    {file = "pycodestyle-2.6.0.tar.gz", hash = "sha256:c58a7d2815e0e8d7972bf1803331fb0152f867bd89adf8a01dfd55085434192e"},
]
pydocstyle = [
    {file = "pydocstyle-5.0.2-py3-none-any.whl", hash = "sha256:da7831660b7355307b32778c4a0dbfb137d89254ef31a2b2978f50fc0b4d7586"},
    {file = "pydocstyle-5.0.2.tar.gz", hash = "sha256:f4f5d210610c2d153fae39093d44224c17429e2ad7da12a8b419aba5c2f614b5"},
]
pyflakes = [
    {file = "pyflakes-2.2.0-py2.py3-none-any.whl", hash = "sha256:0d94e0e05a19e57a99444b6ddcf9a6eb2e5c68d3ca1e98e90707af8152c90a92"},
    {file = "pyflakes-2.2.0.tar.gz", hash = "sha256:35b2d75ee967ea93b55750aa9edbbf72813e06a66ba54438df2cfac9e3c27fc8"},
]
pymongo = [
    {file = "pymongo-3.10.1-cp27-cp27m-macosx_10_14_intel.whl", hash = "sha256:a732838c78554c1257ff2492f5c8c4c7312d0aecd7f732149e255f3749edd5ee"},
    {file = "pymongo-3.10.1-cp27-cp27m-manylinux1_i686.whl", hash = "sha256:358ba4693c01022d507b96a980ded855a32dbdccc3c9331d0667be5e967f30ed"},
    {file = "pymongo-3.10.1-cp27-cp27m-manylinux1_x86_64.whl", hash = "sha256:334ef3ffd0df87ea83a0054454336159f8ad9c1b389e19c0032d9cb8410660e6"},
    {file = "pymongo-3.10.1-cp27-cp27m-win32.whl", hash = "sha256:e5c54f04ca42bbb5153aec5d4f2e3d9f81e316945220ac318abd4083308143f5"},
    {file = "pymongo-3.10.1-cp27-cp27m-win_amd64.whl", hash = "sha256:e334c4f39a2863a239d38b5829e442a87f241a92da9941861ee6ec5d6380b7fe"},
    {file = "pymongo-3.10.1-cp27-cp27mu-manylinux1_i686.whl", hash = "sha256:a0794e987d55d2f719cc95fcf980fc62d12b80e287e6a761c4be14c60bd9fecc"},
    {file = "pymongo-3.10.1-cp27-cp27mu-manylinux1_x86_64.whl", hash = "sha256:bbf47110765b2a999803a7de457567389253f8670f7daafb98e059c899ce9764"},
    {file = "pymongo-3.10.1-cp34-cp34m-macosx_10_6_intel.whl", hash = "sha256:56fa55032782b7f8e0bf6956420d11e2d4e9860598dfe9c504edec53af0fc372"},
    {file = "pymongo-3.10.1-cp34-cp34m-manylinux1_i686.whl", hash = "sha256:da2c3220eb55c4239dd8b982e213da0b79023cac59fe54ca09365f2bc7e4ad32"},
    {file = "pymongo-3.10.1-cp34-cp34m-manylinux1_x86_64.whl", hash = "sha256:0fc5aa1b1acf7f61af46fe0414e6a4d0c234b339db4c03a63da48599acf1cbfc"},
    {file = "pymongo-3.10.1-cp34-cp34m-win32.whl", hash = "sha256:2f07b27dbf303ea53f4147a7922ce91a26b34a0011131471d8aaf73151fdee9a"},
    {file = "pymongo-3.10.1-cp34-cp34m-win_amd64.whl", hash = "sha256:7aef381bb9ae8a3821abd7f9d4d93978dbd99072b48522e181baeffcd95b56ae"},
    {file = "pymongo-3.10.1-cp35-cp35m-macosx_10_6_intel.whl", hash = "sha256:47a00b22c52ee59dffc2aad02d0bbfb20c26ec5b8de8900492bf13ad6901cf35"},
    {file = "pymongo-3.10.1-cp35-cp35m-manylinux1_i686.whl", hash = "sha256:7abc3a6825a346fa4621a6f63e3b662bbb9e0f6ffc32d30a459d695f20fb1a8b"},
    {file = "pymongo-3.10.1-cp35-cp35m-manylinux1_x86_64.whl", hash = "sha256:9c0a57390549affc2b5dda24a38de03a5c7cbc58750cd161ff5d106c3c6eec80"},
    {file = "pymongo-3.10.1-cp35-cp35m-manylinux2014_aarch64.whl", hash = "sha256:e2b46e092ea54b732d98c476720386ff2ccd126de1e52076b470b117bff7e409"},
    {file = "pymongo-3.10.1-cp35-cp35m-manylinux2014_i686.whl", hash = "sha256:63752a72ca4d4e1386278bd43d14232f51718b409e7ac86bcf8810826b531113"},
    {file = "pymongo-3.10.1-cp35-cp35m-manylinux2014_ppc64le.whl", hash = "sha256:b070a4f064a9edb70f921bfdc270725cff7a78c22036dd37a767c51393fb956f"},
    {file = "pymongo-3.10.1-cp35-cp35m-manylinux2014_s390x.whl", hash = "sha256:6fdc5ccb43864065d40dd838437952e9e3da9821b7eac605ba46ada77f846bdf"},
    {file = "pymongo-3.10.1-cp35-cp35m-manylinux2014_x86_64.whl", hash = "sha256:a676bd2fbc2309092b9bbb0083d35718b5420af3a42135ebb1e4c3633f56604d"},
    {file = "pymongo-3.10.1-cp35-cp35m-win32.whl", hash = "sha256:c9ca545e93a9c2a3bdaa2e6e21f7a43267ff0813e8055adf2b591c13164c0c57"},
    {file = "pymongo-3.10.1-cp35-cp35m-win_amd64.whl", hash = "sha256:316f0cf543013d0c085e15a2c8abe0db70f93c9722c0f99b6f3318ff69477d70"},
    {file = "pymongo-3.10.1-cp36-cp36m-macosx_10_9_x86_64.whl", hash = "sha256:2a3c7ad01553b27ec553688a1e6445e7f40355fb37d925c11fcb50b504e367f8"},
    {file = "pymongo-3.10.1-cp36-cp36m-manylinux1_i686.whl", hash = "sha256:444bf2f44264578c4085bb04493bfed0e5c1b4fe7c2704504d769f955cc78fe4"},
    {file = "pymongo-3.10.1-cp36-cp36m-manylinux1_x86_64.whl", hash = "sha256:f96333f9d2517c752c20a35ff95de5fc2763ac8cdb1653df0f6f45d281620606"},
    {file = "pymongo-3.10.1-cp36-cp36m-manylinux2014_aarch64.whl", hash = "sha256:a60756d55f0887023b3899e6c2923ba5f0042fb11b1d17810b4e07395404f33e"},
    {file = "pymongo-3.10.1-cp36-cp36m-manylinux2014_i686.whl", hash = "sha256:95f970f34b59987dee6f360d2e7d30e181d58957b85dff929eee4423739bd151"},
    {file = "pymongo-3.10.1-cp36-cp36m-manylinux2014_ppc64le.whl", hash = "sha256:619ac9aaf681434b4d4718d1b31aa2f0fce64f2b3f8435688fcbdc0c818b6c54"},
    {file = "pymongo-3.10.1-cp36-cp36m-manylinux2014_s390x.whl", hash = "sha256:19adf2848b80cb349b9891cc854581bbf24c338be9a3260e73159bdeb2264464"},
    {file = "pymongo-3.10.1-cp36-cp36m-manylinux2014_x86_64.whl", hash = "sha256:26e707a4eb851ec27bb969b5f1413b9b2eac28fe34271fa72329100317ea7c73"},
    {file = "pymongo-3.10.1-cp36-cp36m-win32.whl", hash = "sha256:18e84a3ec5e73adcb4187b8e5541b2ad61d716026ed9863267e650300d8bea33"},
    {file = "pymongo-3.10.1-cp36-cp36m-win_amd64.whl", hash = "sha256:568d6bee70652d8a5af1cd3eec48b4ca1696fb1773b80719ebbd2925b72cb8f6"},
    {file = "pymongo-3.10.1-cp37-cp37m-macosx_10_9_x86_64.whl", hash = "sha256:b6da85949aa91e9f8c521681344bd2e163de894a5492337fba8b05c409225a4f"},
    {file = "pymongo-3.10.1-cp37-cp37m-manylinux1_i686.whl", hash = "sha256:01b4e10027aef5bb9ecefbc26f5df3368ce34aef81df43850f701e716e3fe16d"},
    {file = "pymongo-3.10.1-cp37-cp37m-manylinux1_x86_64.whl", hash = "sha256:26798795097bdeb571f13942beef7e0b60125397811c75b7aa9214d89880dd1d"},
    {file = "pymongo-3.10.1-cp37-cp37m-manylinux2014_aarch64.whl", hash = "sha256:3a6568bc53103df260f5c7d2da36dffc5202b9a36c85540bba1836a774943794"},
    {file = "pymongo-3.10.1-cp37-cp37m-manylinux2014_i686.whl", hash = "sha256:c4aef42e5fa4c9d5a99f751fb79caa880dac7eaf8a65121549318b984676a1b7"},
    {file = "pymongo-3.10.1-cp37-cp37m-manylinux2014_ppc64le.whl", hash = "sha256:61235cc39b5b2f593086d1d38f3fc130b2d125bd8fc8621d35bc5b6bdeb92bd2"},
    {file = "pymongo-3.10.1-cp37-cp37m-manylinux2014_s390x.whl", hash = "sha256:c06b3f998d2d7160db58db69adfb807d2ec307e883e2f17f6b87a1ef6c723f11"},
    {file = "pymongo-3.10.1-cp37-cp37m-manylinux2014_x86_64.whl", hash = "sha256:4c067db43b331fc709080d441cb2e157114fec60749667d12186cc3fc8e7a951"},
    {file = "pymongo-3.10.1-cp37-cp37m-win32.whl", hash = "sha256:c318fb70542be16d3d4063cde6010b1e4d328993a793529c15a619251f517c39"},
    {file = "pymongo-3.10.1-cp37-cp37m-win_amd64.whl", hash = "sha256:4c092310f804a5d45a1bcaa4191d6d016c457b6ed3982a622c35f729ff1c7f6b"},
    {file = "pymongo-3.10.1-cp38-cp38-macosx_10_9_x86_64.whl", hash = "sha256:dd8055da300535eefd446b30995c0813cc4394873c9509323762a93e97c04c03"},
    {file = "pymongo-3.10.1-cp38-cp38-manylinux1_i686.whl", hash = "sha256:6238ac1f483494011abde5286282afdfacd8926659e222ba9b74c67008d3a58c"},
    {file = "pymongo-3.10.1-cp38-cp38-manylinux1_x86_64.whl", hash = "sha256:53b711b33134e292ef8499835a3df10909c58df53a2a0308f598c432e9a62892"},
    {file = "pymongo-3.10.1-cp38-cp38-manylinux2014_aarch64.whl", hash = "sha256:20ee0475aa2ba437b0a14806f125d696f90a8433d820fb558fdd6f052acde103"},
    {file = "pymongo-3.10.1-cp38-cp38-manylinux2014_i686.whl", hash = "sha256:80df3caf251fe61a3f0c9614adc6e2bfcffd1cd3345280896766712fb4b4d6d7"},
    {file = "pymongo-3.10.1-cp38-cp38-manylinux2014_ppc64le.whl", hash = "sha256:a3b98121e68bf370dd8ea09df67e916f93ea95b52fc010902312168c4d1aff5d"},
    {file = "pymongo-3.10.1-cp38-cp38-manylinux2014_s390x.whl", hash = "sha256:1396eb7151e0558b1f817e4b9d7697d5599e5c40d839a9f7270bd90af994ad82"},
    {file = "pymongo-3.10.1-cp38-cp38-manylinux2014_x86_64.whl", hash = "sha256:ae65d65fde4135ef423a2608587c9ef585a3551fc2e4e431e7c7e527047581be"},
    {file = "pymongo-3.10.1-cp38-cp38-win32.whl", hash = "sha256:31d11a600eea0c60de22c8bdcb58cda63c762891facdcb74248c36713240987f"},
    {file = "pymongo-3.10.1-cp38-cp38-win_amd64.whl", hash = "sha256:5a2c492680c61b440272341294172fa3b3751797b1ab983533a770e4fb0a67ac"},
    {file = "pymongo-3.10.1-py2.7-macosx-10.14-intel.egg", hash = "sha256:bd9c1e6f92b4888ae3ef7ae23262c513b962f09f3fb3b48581dde5df7d7a860a"},
    {file = "pymongo-3.10.1-py2.7-win-amd64.egg", hash = "sha256:ad3dc88dfe61f0f1f9b99c6bc833ea2f45203a937a18f0d2faa57c6952656012"},
    {file = "pymongo-3.10.1-py2.7-win32.egg", hash = "sha256:f4d06764a06b137e48db6d569dc95614d9d225c89842c885669ee8abc9f28c7a"},
    {file = "pymongo-3.10.1.tar.gz", hash = "sha256:993257f6ca3cde55332af1f62af3e04ca89ce63c08b56a387cdd46136c72f2fa"},
]
pyparsing = [
    {file = "pyparsing-2.4.7-py2.py3-none-any.whl", hash = "sha256:ef9d7589ef3c200abe66653d3f1ab1033c3c419ae9b9bdb1240a85b024efc88b"},
    {file = "pyparsing-2.4.7.tar.gz", hash = "sha256:c203ec8783bf771a155b207279b9bccb8dea02d8f0c9e5f8ead507bc3246ecc1"},
]
sentinels = [
    {file = "sentinels-1.0.0.tar.gz", hash = "sha256:7be0704d7fe1925e397e92d18669ace2f619c92b5d4eb21a89f31e026f9ff4b1"},
]
six = [
    {file = "six-1.15.0-py2.py3-none-any.whl", hash = "sha256:8b74bedcbbbaca38ff6d7491d76f2b06b3592611af620f8426e82dddb04a5ced"},
    {file = "six-1.15.0.tar.gz", hash = "sha256:30639c035cdb23534cd4aa2dd52c3bf48f06e5f4a941509c8bafd8ce11080259"},
]
snowballstemmer = [
    {file = "snowballstemmer-2.0.0-py2.py3-none-any.whl", hash = "sha256:209f257d7533fdb3cb73bdbd24f436239ca3b2fa67d56f6ff88e86be08cc5ef0"},
    {file = "snowballstemmer-2.0.0.tar.gz", hash = "sha256:df3bac3df4c2c01363f3dd2cfa78cce2840a79b9f1c2d2de9ce8d31683992f52"},
]
toml = [
    {file = "toml-0.10.1-py2.py3-none-any.whl", hash = "sha256:bda89d5935c2eac546d648028b9901107a595863cb36bae0c73ac804a9b4ce88"},
    {file = "toml-0.10.1.tar.gz", hash = "sha256:926b612be1e5ce0634a2ca03470f95169cf16f939018233a670519cb4ac58b0f"},
]
tox = [
    {file = "tox-3.15.2-py2.py3-none-any.whl", hash = "sha256:50a188b8e17580c1fb931f494a754e6507d4185f54fb18aca5ba3e12d2ffd55e"},
    {file = "tox-3.15.2.tar.gz", hash = "sha256:c696d36cd7c6a28ada2da780400e44851b20ee19ef08cfe73344a1dcebbbe9f3"},
]
virtualenv = [
    {file = "virtualenv-20.0.23-py2.py3-none-any.whl", hash = "sha256:ccfb8e1e05a1174f7bd4c163700277ba730496094fe1a58bea9d4ac140a207c8"},
    {file = "virtualenv-20.0.23.tar.gz", hash = "sha256:5102fbf1ec57e80671ef40ed98a84e980a71194cedf30c87c2b25c3a9e0b0107"},
]
